
Microsoft Visual Studio Solution File, Format Version 12.00
# Visual Studio 14
VisualStudioVersion = 14.0.23107.0
MinimumVisualStudioVersion = 10.0.40219.1
Project("{2150E333-8FDC-42A3-9474-1A3956D46DE8}") = "src", "src", "{A74A3712-BABE-49E3-A6D1-B5117FE7C01C}"
EndProject
Project("{2150E333-8FDC-42A3-9474-1A3956D46DE8}") = "Solution Items", "Solution Items", "{C3D117A7-971F-4804-BA71-8A84332D3533}"
	ProjectSection(SolutionItems) = preProject
		global.json = global.json
	EndProjectSection
EndProject
Project("{8BB2217D-0F2D-49D1-97BC-3654ED321F3B}") = "TheWorld", "src\TheWorld\TheWorld.xproj", "{E1EC99FE-DA47-460C-92D4-8D86B697160E}"
EndProject
Global
	GlobalSection(SolutionConfigurationPlatforms) = preSolution
		Debug|Any CPU = Debug|Any CPU
		Release|Any CPU = Release|Any CPU
	EndGlobalSection
	GlobalSection(ProjectConfigurationPlatforms) = postSolution
		{E1EC99FE-DA47-460C-92D4-8D86B697160E}.Debug|Any CPU.ActiveCfg = Debug|Any CPU
		{E1EC99FE-DA47-460C-92D4-8D86B697160E}.Debug|Any CPU.Build.0 = Debug|Any CPU
		{E1EC99FE-DA47-460C-92D4-8D86B697160E}.Release|Any CPU.ActiveCfg = Release|Any CPU
		{E1EC99FE-DA47-460C-92D4-8D86B697160E}.Release|Any CPU.Build.0 = Release|Any CPU
	EndGlobalSection
	GlobalSection(SolutionProperties) = preSolution
		HideSolutionNode = FALSE
	EndGlobalSection
	GlobalSection(NestedProjects) = preSolution
		{E1EC99FE-DA47-460C-92D4-8D86B697160E} = {A74A3712-BABE-49E3-A6D1-B5117FE7C01C}
	EndGlobalSection
EndGlobal
